
Microsoft Visual Studio Solution File, Format Version 12.00
# Visual Studio 14
VisualStudioVersion = 14.0.25420.1
MinimumVisualStudioVersion = 10.0.40219.1
Project("{888888A0-9F3D-457C-B088-3A5042F75D52}") = "sp_500_20170607", "sp_500_20170607\sp_500_20170607.pyproj", "{0873B6B1-0CF5-42E7-9A90-5B1060E96A2C}"
EndProject
Global
	GlobalSection(SolutionConfigurationPlatforms) = preSolution
		Debug|Any CPU = Debug|Any CPU
		Release|Any CPU = Release|Any CPU
	EndGlobalSection
	GlobalSection(ProjectConfigurationPlatforms) = postSolution
		{0873B6B1-0CF5-42E7-9A90-5B1060E96A2C}.Debug|Any CPU.ActiveCfg = Debug|Any CPU
		{0873B6B1-0CF5-42E7-9A90-5B1060E96A2C}.Release|Any CPU.ActiveCfg = Release|Any CPU
	EndGlobalSection
	GlobalSection(SolutionProperties) = preSolution
		HideSolutionNode = FALSE
	EndGlobalSection
EndGlobal
